
Microsoft Visual Studio Solution File, Format Version 12.00
# Visual Studio Version 17
VisualStudioVersion = 17.2.32526.322
MinimumVisualStudioVersion = 10.0.40219.1
Project("{9092AA53-FB77-4645-B42D-1CCCA6BD08BD}") = "screep78-teaching", "screep78-teaching.njsproj", "{D592AF89-4F5C-4CD3-B04E-8BC479D6FA17}"
EndProject
Global
	GlobalSection(SolutionConfigurationPlatforms) = preSolution
		Debug|Any CPU = Debug|Any CPU
		Release|Any CPU = Release|Any CPU
	EndGlobalSection
	GlobalSection(ProjectConfigurationPlatforms) = postSolution
		{D592AF89-4F5C-4CD3-B04E-8BC479D6FA17}.Debug|Any CPU.ActiveCfg = Debug|Any CPU
		{D592AF89-4F5C-4CD3-B04E-8BC479D6FA17}.Debug|Any CPU.Build.0 = Debug|Any CPU
		{D592AF89-4F5C-4CD3-B04E-8BC479D6FA17}.Release|Any CPU.ActiveCfg = Release|Any CPU
		{D592AF89-4F5C-4CD3-B04E-8BC479D6FA17}.Release|Any CPU.Build.0 = Release|Any CPU
	EndGlobalSection
	GlobalSection(SolutionProperties) = preSolution
		HideSolutionNode = FALSE
	EndGlobalSection
	GlobalSection(ExtensibilityGlobals) = postSolution
		SolutionGuid = {6305E15D-27EA-4A3E-A2CB-C5403365C2AD}
	EndGlobalSection
EndGlobal
